// !$*UTF8*$!
{
	archiveVersion = 1;
	classes = {
	};
	objectVersion = 46;
	objects = {

/* Begin PBXBuildFile section */
		18A65F0B1C04B9A000044A14 /* main.cpp in Sources */ = {isa = PBXBuildFile; fileRef = 18A65F0A1C04B9A000044A14 /* main.cpp */; };
		18A65F131C04B9CD00044A14 /* vectorMatrix.cpp in Sources */ = {isa = PBXBuildFile; fileRef = 18A65F111C04B9CD00044A14 /* vectorMatrix.cpp */; settings = {ASSET_TAGS = (); }; };
/* End PBXBuildFile section */

/* Begin PBXCopyFilesBuildPhase section */
		18A65F051C04B9A000044A14 /* CopyFiles */ = {
			isa = PBXCopyFilesBuildPhase;
			buildActionMask = 2147483647;
			dstPath = /usr/share/man/man1/;
			dstSubfolderSpec = 0;
			files = (
			);
			runOnlyForDeploymentPostprocessing = 1;
		};
/* End PBXCopyFilesBuildPhase section */

/* Begin PBXFileReference section */
		18A65F071C04B9A000044A14 /* TransformRT */ = {isa = PBXFileReference; explicitFileType = "compiled.mach-o.executable"; includeInIndex = 0; path = TransformRT; sourceTree = BUILT_PRODUCTS_DIR; };
		18A65F0A1C04B9A000044A14 /* main.cpp */ = {isa = PBXFileReference; lastKnownFileType = sourcecode.cpp.cpp; path = main.cpp; sourceTree = "<group>"; };
		18A65F111C04B9CD00044A14 /* vectorMatrix.cpp */ = {isa = PBXFileReference; fileEncoding = 4; lastKnownFileType = sourcecode.cpp.cpp; path = vectorMatrix.cpp; sourceTree = "<group>"; };
		18A65F121C04B9CD00044A14 /* vectorMatrix.hpp */ = {isa = PBXFileReference; fileEncoding = 4; lastKnownFileType = sourcecode.cpp.h; path = vectorMatrix.hpp; sourceTree = "<group>"; };
/* End PBXFileReference section */

/* Begin PBXFrameworksBuildPhase section */
		18A65F041C04B9A000044A14 /* Frameworks */ = {
			isa = PBXFrameworksBuildPhase;
			buildActionMask = 2147483647;
			files = (
			);
			runOnlyForDeploymentPostprocessing = 0;
		};
/* End PBXFrameworksBuildPhase section */

/* Begin PBXGroup section */
		18A65EFE1C04B9A000044A14 = {
			isa = PBXGroup;
			children = (
				18A65F091C04B9A000044A14 /* TransformRT */,
				18A65F081C04B9A000044A14 /* Products */,
			);
			sourceTree = "<group>";
		};
		18A65F081C04B9A000044A14 /* Products */ = {
			isa = PBXGroup;
			children = (
				18A65F071C04B9A000044A14 /* TransformRT */,
			);
			name = Products;
			sourceTree = "<group>";
		};
		18A65F091C04B9A000044A14 /* TransformRT */ = {
			isa = PBXGroup;
			children = (
				18A65F0A1C04B9A000044A14 /* main.cpp */,
				18A65F111C04B9CD00044A14 /* vectorMatrix.cpp */,
				18A65F121C04B9CD00044A14 /* vectorMatrix.hpp */,
			);
			path = TransformRT;
			sourceTree = "<group>";
		};
/* End PBXGroup section */

/* Begin PBXNativeTarget section */
		18A65F061C04B9A000044A14 /* TransformRT */ = {
			isa = PBXNativeTarget;
			buildConfigurationList = 18A65F0E1C04B9A000044A14 /* Build configuration list for PBXNativeTarget "TransformRT" */;
			buildPhases = (
				18A65F031C04B9A000044A14 /* Sources */,
				18A65F041C04B9A000044A14 /* Frameworks */,
				18A65F051C04B9A000044A14 /* CopyFiles */,
			);
			buildRules = (
			);
			dependencies = (
			);
			name = TransformRT;
			productName = TransformRT;
			productReference = 18A65F071C04B9A000044A14 /* TransformRT */;
			productType = "com.apple.product-type.tool";
		};
/* End PBXNativeTarget section */

/* Begin PBXProject section */
		18A65EFF1C04B9A000044A14 /* Project object */ = {
			isa = PBXProject;
			attributes = {
				LastUpgradeCheck = 0700;
				ORGANIZATIONNAME = "1J519-00";
				TargetAttributes = {
					18A65F061C04B9A000044A14 = {
						CreatedOnToolsVersion = 7.0.1;
					};
				};
			};
			buildConfigurationList = 18A65F021C04B9A000044A14 /* Build configuration list for PBXProject "TransformRT" */;
			compatibilityVersion = "Xcode 3.2";
			developmentRegion = English;
			hasScannedForEncodings = 0;
			knownRegions = (
				en,
			);
			mainGroup = 18A65EFE1C04B9A000044A14;
			productRefGroup = 18A65F081C04B9A000044A14 /* Products */;
			projectDirPath = "";
			projectRoot = "";
			targets = (
				18A65F061C04B9A000044A14 /* TransformRT */,
			);
		};
/* End PBXProject section */

/* Begin PBXSourcesBuildPhase section */
		18A65F031C04B9A000044A14 /* Sources */ = {
			isa = PBXSourcesBuildPhase;
			buildActionMask = 2147483647;
			files = (
				18A65F0B1C04B9A000044A14 /* main.cpp in Sources */,
				18A65F131C04B9CD00044A14 /* vectorMatrix.cpp in Sources */,
			);
			runOnlyForDeploymentPostprocessing = 0;
		};
/* End PBXSourcesBuildPhase section */

/* Begin XCBuildConfiguration section */
		18A65F0C1C04B9A000044A14 /* Debug */ = {
			isa = XCBuildConfiguration;
			buildSettings = {
				ALWAYS_SEARCH_USER_PATHS = NO;
				CLANG_CXX_LANGUAGE_STANDARD = "gnu++0x";
				CLANG_CXX_LIBRARY = "libc++";
				CLANG_ENABLE_MODULES = YES;
				CLANG_ENABLE_OBJC_ARC = YES;
				CLANG_WARN_BOOL_CONVERSION = YES;
				CLANG_WARN_CONSTANT_CONVERSION = YES;
				CLANG_WARN_DIRECT_OBJC_ISA_USAGE = YES_ERROR;
				CLANG_WARN_EMPTY_BODY = YES;
				CLANG_WARN_ENUM_CONVERSION = YES;
				CLANG_WARN_INT_CONVERSION = YES;
				CLANG_WARN_OBJC_ROOT_CLASS = YES_ERROR;
				CLANG_WARN_UNREACHABLE_CODE = YES;
				CLANG_WARN__DUPLICATE_METHOD_MATCH = YES;
				COPY_PHASE_STRIP = NO;
				DEBUG_INFORMATION_FORMAT = dwarf;
				ENABLE_STRICT_OBJC_MSGSEND = YES;
				ENABLE_TESTABILITY = YES;
				GCC_C_LANGUAGE_STANDARD = gnu99;
				GCC_DYNAMIC_NO_PIC = NO;
				GCC_NO_COMMON_BLOCKS = YES;
				GCC_OPTIMIZATION_LEVEL = 0;
				GCC_PREPROCESSOR_DEFINITIONS = (
					"DEBUG=1",
					"$(inherited)",
				);
				GCC_WARN_64_TO_32_BIT_CONVERSION = YES;
				GCC_WARN_ABOUT_RETURN_TYPE = YES_ERROR;
				GCC_WARN_UNDECLARED_SELECTOR = YES;
				GCC_WARN_UNINITIALIZED_AUTOS = YES_AGGRESSIVE;
				GCC_WARN_UNUSED_FUNCTION = YES;
				GCC_WARN_UNUSED_VARIABLE = YES;
				MACOSX_DEPLOYMENT_TARGET = 10.10;
				MTL_ENABLE_DEBUG_INFO = YES;
				ONLY_ACTIVE_ARCH = YES;
				SDKROOT = macosx;
			};
			name = Debug;
		};
		18A65F0D1C04B9A000044A14 /* Release */ = {
			isa = XCBuildConfiguration;
			buildSettings = {
				ALWAYS_SEARCH_USER_PATHS = NO;
				CLANG_CXX_LANGUAGE_STANDARD = "gnu++0x";
				CLANG_CXX_LIBRARY = "libc++";
				CLANG_ENABLE_MODULES = YES;
				CLANG_ENABLE_OBJC_ARC = YES;
				CLANG_WARN_BOOL_CONVERSION = YES;
				CLANG_WARN_CONSTANT_CONVERSION = YES;
				CLANG_WARN_DIRECT_OBJC_ISA_USAGE = YES_ERROR;
				CLANG_WARN_EMPTY_BODY = YES;
				CLANG_WARN_ENUM_CONVERSION = YES;
				CLANG_WARN_INT_CONVERSION = YES;
				CLANG_WARN_OBJC_ROOT_CLASS = YES_ERROR;
				CLANG_WARN_UNREACHABLE_CODE = YES;
				CLANG_WARN__DUPLICATE_METHOD_MATCH = YES;
				COPY_PHASE_STRIP = NO;
				DEBUG_INFORMATION_FORMAT = "dwarf-with-dsym";
				ENABLE_NS_ASSERTIONS = NO;
				ENABLE_STRICT_OBJC_MSGSEND = YES;
				GCC_C_LANGUAGE_STANDARD = gnu99;
				GCC_NO_COMMON_BLOCKS = YES;
				GCC_WARN_64_TO_32_BIT_CONVERSION = YES;
				GCC_WARN_ABOUT_RETURN_TYPE = YES_ERROR;
				GCC_WARN_UNDECLARED_SELECTOR = YES;
				GCC_WARN_UNINITIALIZED_AUTOS = YES_AGGRESSIVE;
				GCC_WARN_UNUSED_FUNCTION = YES;
				GCC_WARN_UNUSED_VARIABLE = YES;
				MACOSX_DEPLOYMENT_TARGET = 10.10;
				MTL_ENABLE_DEBUG_INFO = NO;
				SDKROOT = macosx;
			};
			name = Release;
		};
		18A65F0F1C04B9A000044A14 /* Debug */ = {
			isa = XCBuildConfiguration;
			buildSettings = {
				PRODUCT_NAME = "$(TARGET_NAME)";
			};
			name = Debug;
		};
		18A65F101C04B9A000044A14 /* Release */ = {
			isa = XCBuildConfiguration;
			buildSettings = {
				PRODUCT_NAME = "$(TARGET_NAME)";
			};
			name = Release;
		};
/* End XCBuildConfiguration section */

/* Begin XCConfigurationList section */
		18A65F021C04B9A000044A14 /* Build configuration list for PBXProject "TransformRT" */ = {
			isa = XCConfigurationList;
			buildConfigurations = (
				18A65F0C1C04B9A000044A14 /* Debug */,
				18A65F0D1C04B9A000044A14 /* Release */,
			);
			defaultConfigurationIsVisible = 0;
			defaultConfigurationName = Release;
		};
		18A65F0E1C04B9A000044A14 /* Build configuration list for PBXNativeTarget "TransformRT" */ = {
			isa = XCConfigurationList;
			buildConfigurations = (
				18A65F0F1C04B9A000044A14 /* Debug */,
				18A65F101C04B9A000044A14 /* Release */,
			);
			defaultConfigurationIsVisible = 0;
		};
/* End XCConfigurationList section */
	};
	rootObject = 18A65EFF1C04B9A000044A14 /* Project object */;
}
