// !$*UTF8*$!
{
	archiveVersion = 1;
	classes = {
	};
	objectVersion = 46;
	objects = {

/* Begin PBXBuildFile section */
		18748FA61BE920D400ED0AD4 /* main.cpp in Sources */ = {isa = PBXBuildFile; fileRef = 18748FA31BE920D400ED0AD4 /* main.cpp */; settings = {ASSET_TAGS = (); }; };
		18748FA71BE920D400ED0AD4 /* vectorMatrix.cpp in Sources */ = {isa = PBXBuildFile; fileRef = 18748FA41BE920D400ED0AD4 /* vectorMatrix.cpp */; settings = {ASSET_TAGS = (); }; };
/* End PBXBuildFile section */

/* Begin PBXCopyFilesBuildPhase section */
		18748F971BE920A200ED0AD4 /* CopyFiles */ = {
			isa = PBXCopyFilesBuildPhase;
			buildActionMask = 2147483647;
			dstPath = /usr/share/man/man1/;
			dstSubfolderSpec = 0;
			files = (
			);
			runOnlyForDeploymentPostprocessing = 1;
		};
/* End PBXCopyFilesBuildPhase section */

/* Begin PBXFileReference section */
		18748F991BE920A200ED0AD4 /* Rotate */ = {isa = PBXFileReference; explicitFileType = "compiled.mach-o.executable"; includeInIndex = 0; path = Rotate; sourceTree = BUILT_PRODUCTS_DIR; };
		18748FA31BE920D400ED0AD4 /* main.cpp */ = {isa = PBXFileReference; fileEncoding = 4; lastKnownFileType = sourcecode.cpp.cpp; path = main.cpp; sourceTree = "<group>"; };
		18748FA41BE920D400ED0AD4 /* vectorMatrix.cpp */ = {isa = PBXFileReference; fileEncoding = 4; lastKnownFileType = sourcecode.cpp.cpp; path = vectorMatrix.cpp; sourceTree = "<group>"; };
		18748FA51BE920D400ED0AD4 /* vectorMatrix.h */ = {isa = PBXFileReference; fileEncoding = 4; lastKnownFileType = sourcecode.c.h; path = vectorMatrix.h; sourceTree = "<group>"; };
/* End PBXFileReference section */

/* Begin PBXFrameworksBuildPhase section */
		18748F961BE920A200ED0AD4 /* Frameworks */ = {
			isa = PBXFrameworksBuildPhase;
			buildActionMask = 2147483647;
			files = (
			);
			runOnlyForDeploymentPostprocessing = 0;
		};
/* End PBXFrameworksBuildPhase section */

/* Begin PBXGroup section */
		18748F901BE920A200ED0AD4 = {
			isa = PBXGroup;
			children = (
				18748F9B1BE920A200ED0AD4 /* Rotate */,
				18748F9A1BE920A200ED0AD4 /* Products */,
			);
			sourceTree = "<group>";
		};
		18748F9A1BE920A200ED0AD4 /* Products */ = {
			isa = PBXGroup;
			children = (
				18748F991BE920A200ED0AD4 /* Rotate */,
			);
			name = Products;
			sourceTree = "<group>";
		};
		18748F9B1BE920A200ED0AD4 /* Rotate */ = {
			isa = PBXGroup;
			children = (
				18748FA31BE920D400ED0AD4 /* main.cpp */,
				18748FA41BE920D400ED0AD4 /* vectorMatrix.cpp */,
				18748FA51BE920D400ED0AD4 /* vectorMatrix.h */,
			);
			path = Rotate;
			sourceTree = "<group>";
		};
/* End PBXGroup section */

/* Begin PBXNativeTarget section */
		18748F981BE920A200ED0AD4 /* Rotate */ = {
			isa = PBXNativeTarget;
			buildConfigurationList = 18748FA01BE920A200ED0AD4 /* Build configuration list for PBXNativeTarget "Rotate" */;
			buildPhases = (
				18748F951BE920A200ED0AD4 /* Sources */,
				18748F961BE920A200ED0AD4 /* Frameworks */,
				18748F971BE920A200ED0AD4 /* CopyFiles */,
			);
			buildRules = (
			);
			dependencies = (
			);
			name = Rotate;
			productName = Rotate;
			productReference = 18748F991BE920A200ED0AD4 /* Rotate */;
			productType = "com.apple.product-type.tool";
		};
/* End PBXNativeTarget section */

/* Begin PBXProject section */
		18748F911BE920A200ED0AD4 /* Project object */ = {
			isa = PBXProject;
			attributes = {
				LastUpgradeCheck = 0700;
				ORGANIZATIONNAME = "1J519-00";
				TargetAttributes = {
					18748F981BE920A200ED0AD4 = {
						CreatedOnToolsVersion = 7.0.1;
					};
				};
			};
			buildConfigurationList = 18748F941BE920A200ED0AD4 /* Build configuration list for PBXProject "Rotate" */;
			compatibilityVersion = "Xcode 3.2";
			developmentRegion = English;
			hasScannedForEncodings = 0;
			knownRegions = (
				en,
			);
			mainGroup = 18748F901BE920A200ED0AD4;
			productRefGroup = 18748F9A1BE920A200ED0AD4 /* Products */;
			projectDirPath = "";
			projectRoot = "";
			targets = (
				18748F981BE920A200ED0AD4 /* Rotate */,
			);
		};
/* End PBXProject section */

/* Begin PBXSourcesBuildPhase section */
		18748F951BE920A200ED0AD4 /* Sources */ = {
			isa = PBXSourcesBuildPhase;
			buildActionMask = 2147483647;
			files = (
				18748FA61BE920D400ED0AD4 /* main.cpp in Sources */,
				18748FA71BE920D400ED0AD4 /* vectorMatrix.cpp in Sources */,
			);
			runOnlyForDeploymentPostprocessing = 0;
		};
/* End PBXSourcesBuildPhase section */

/* Begin XCBuildConfiguration section */
		18748F9E1BE920A200ED0AD4 /* Debug */ = {
			isa = XCBuildConfiguration;
			buildSettings = {
				ALWAYS_SEARCH_USER_PATHS = NO;
				CLANG_CXX_LANGUAGE_STANDARD = "gnu++0x";
				CLANG_CXX_LIBRARY = "libc++";
				CLANG_ENABLE_MODULES = YES;
				CLANG_ENABLE_OBJC_ARC = YES;
				CLANG_WARN_BOOL_CONVERSION = YES;
				CLANG_WARN_CONSTANT_CONVERSION = YES;
				CLANG_WARN_DIRECT_OBJC_ISA_USAGE = YES_ERROR;
				CLANG_WARN_EMPTY_BODY = YES;
				CLANG_WARN_ENUM_CONVERSION = YES;
				CLANG_WARN_INT_CONVERSION = YES;
				CLANG_WARN_OBJC_ROOT_CLASS = YES_ERROR;
				CLANG_WARN_UNREACHABLE_CODE = YES;
				CLANG_WARN__DUPLICATE_METHOD_MATCH = YES;
				COPY_PHASE_STRIP = NO;
				DEBUG_INFORMATION_FORMAT = dwarf;
				ENABLE_STRICT_OBJC_MSGSEND = YES;
				ENABLE_TESTABILITY = YES;
				GCC_C_LANGUAGE_STANDARD = gnu99;
				GCC_DYNAMIC_NO_PIC = NO;
				GCC_NO_COMMON_BLOCKS = YES;
				GCC_OPTIMIZATION_LEVEL = 0;
				GCC_PREPROCESSOR_DEFINITIONS = (
					"DEBUG=1",
					"$(inherited)",
				);
				GCC_WARN_64_TO_32_BIT_CONVERSION = YES;
				GCC_WARN_ABOUT_RETURN_TYPE = YES_ERROR;
				GCC_WARN_UNDECLARED_SELECTOR = YES;
				GCC_WARN_UNINITIALIZED_AUTOS = YES_AGGRESSIVE;
				GCC_WARN_UNUSED_FUNCTION = YES;
				GCC_WARN_UNUSED_VARIABLE = YES;
				MACOSX_DEPLOYMENT_TARGET = 10.10;
				MTL_ENABLE_DEBUG_INFO = YES;
				ONLY_ACTIVE_ARCH = YES;
				SDKROOT = macosx;
			};
			name = Debug;
		};
		18748F9F1BE920A200ED0AD4 /* Release */ = {
			isa = XCBuildConfiguration;
			buildSettings = {
				ALWAYS_SEARCH_USER_PATHS = NO;
				CLANG_CXX_LANGUAGE_STANDARD = "gnu++0x";
				CLANG_CXX_LIBRARY = "libc++";
				CLANG_ENABLE_MODULES = YES;
				CLANG_ENABLE_OBJC_ARC = YES;
				CLANG_WARN_BOOL_CONVERSION = YES;
				CLANG_WARN_CONSTANT_CONVERSION = YES;
				CLANG_WARN_DIRECT_OBJC_ISA_USAGE = YES_ERROR;
				CLANG_WARN_EMPTY_BODY = YES;
				CLANG_WARN_ENUM_CONVERSION = YES;
				CLANG_WARN_INT_CONVERSION = YES;
				CLANG_WARN_OBJC_ROOT_CLASS = YES_ERROR;
				CLANG_WARN_UNREACHABLE_CODE = YES;
				CLANG_WARN__DUPLICATE_METHOD_MATCH = YES;
				COPY_PHASE_STRIP = NO;
				DEBUG_INFORMATION_FORMAT = "dwarf-with-dsym";
				ENABLE_NS_ASSERTIONS = NO;
				ENABLE_STRICT_OBJC_MSGSEND = YES;
				GCC_C_LANGUAGE_STANDARD = gnu99;
				GCC_NO_COMMON_BLOCKS = YES;
				GCC_WARN_64_TO_32_BIT_CONVERSION = YES;
				GCC_WARN_ABOUT_RETURN_TYPE = YES_ERROR;
				GCC_WARN_UNDECLARED_SELECTOR = YES;
				GCC_WARN_UNINITIALIZED_AUTOS = YES_AGGRESSIVE;
				GCC_WARN_UNUSED_FUNCTION = YES;
				GCC_WARN_UNUSED_VARIABLE = YES;
				MACOSX_DEPLOYMENT_TARGET = 10.10;
				MTL_ENABLE_DEBUG_INFO = NO;
				SDKROOT = macosx;
			};
			name = Release;
		};
		18748FA11BE920A200ED0AD4 /* Debug */ = {
			isa = XCBuildConfiguration;
			buildSettings = {
				PRODUCT_NAME = "$(TARGET_NAME)";
			};
			name = Debug;
		};
		18748FA21BE920A200ED0AD4 /* Release */ = {
			isa = XCBuildConfiguration;
			buildSettings = {
				PRODUCT_NAME = "$(TARGET_NAME)";
			};
			name = Release;
		};
/* End XCBuildConfiguration section */

/* Begin XCConfigurationList section */
		18748F941BE920A200ED0AD4 /* Build configuration list for PBXProject "Rotate" */ = {
			isa = XCConfigurationList;
			buildConfigurations = (
				18748F9E1BE920A200ED0AD4 /* Debug */,
				18748F9F1BE920A200ED0AD4 /* Release */,
			);
			defaultConfigurationIsVisible = 0;
			defaultConfigurationName = Release;
		};
		18748FA01BE920A200ED0AD4 /* Build configuration list for PBXNativeTarget "Rotate" */ = {
			isa = XCConfigurationList;
			buildConfigurations = (
				18748FA11BE920A200ED0AD4 /* Debug */,
				18748FA21BE920A200ED0AD4 /* Release */,
			);
			defaultConfigurationIsVisible = 0;
		};
/* End XCConfigurationList section */
	};
	rootObject = 18748F911BE920A200ED0AD4 /* Project object */;
}
